
Microsoft Visual Studio Solution File, Format Version 12.00
# Visual Studio Version 16
VisualStudioVersion = 16.0.30717.126
MinimumVisualStudioVersion = 10.0.40219.1
Project("{FAE04EC0-301F-11D3-BF4B-00C04F79EFBC}") = "01. Hello SoftUni", "01. Hello SoftUni\01. Hello SoftUni.csproj", "{B8EE4981-3BBE-4119-B1AA-76DBF4E89B4A}"
EndProject
Project("{FAE04EC0-301F-11D3-BF4B-00C04F79EFBC}") = "02. Nums 1. . .10", "02. Nums 1. . .10\02. Nums 1. . .10.csproj", "{10F8B6C3-2F48-43F7-B64D-3BEFDAF150AE}"
EndProject
Project("{FAE04EC0-301F-11D3-BF4B-00C04F79EFBC}") = "03. Square Area", "03. Square Area\03. Square Area.csproj", "{6DA76206-1507-4067-9200-281DCFFB8B68}"
EndProject
Project("{FAE04EC0-301F-11D3-BF4B-00C04F79EFBC}") = "04. Inches to Centimeters", "04. Inches to Centimeters\04. Inches to Centimeters.csproj", "{9839C6C5-22E1-4E95-8ECB-EC3B294021A9}"
EndProject
Project("{FAE04EC0-301F-11D3-BF4B-00C04F79EFBC}") = "05. Greeting by Name", "05. Greeting by Name\05. Greeting by Name.csproj", "{C03751D3-EAC4-4293-B877-09681C7F5336}"
EndProject
Project("{FAE04EC0-301F-11D3-BF4B-00C04F79EFBC}") = "06. Concatenate Data", "06. Concatenate Data\06. Concatenate Data.csproj", "{3FEBB096-E533-4B5A-BAB3-FD05BF399BD2}"
EndProject
Project("{FAE04EC0-301F-11D3-BF4B-00C04F79EFBC}") = "07. Projects Creation", "07. Projects Creation\07. Projects Creation.csproj", "{9722376B-A02F-4F34-9105-606329467AF7}"
EndProject
Project("{FAE04EC0-301F-11D3-BF4B-00C04F79EFBC}") = "08. Pet Shop", "08. Pet Shop\08. Pet Shop.csproj", "{2524CCD4-3119-4443-A3FC-DE4C40938313}"
EndProject
Project("{FAE04EC0-301F-11D3-BF4B-00C04F79EFBC}") = "09. Yard Greening", "09. Yard Greening\09. Yard Greening.csproj", "{FC13B2F8-47CA-4A64-B5F2-95286EB19A19}"
EndProject
Global
	GlobalSection(SolutionConfigurationPlatforms) = preSolution
		Debug|Any CPU = Debug|Any CPU
		Release|Any CPU = Release|Any CPU
	EndGlobalSection
	GlobalSection(ProjectConfigurationPlatforms) = postSolution
		{B8EE4981-3BBE-4119-B1AA-76DBF4E89B4A}.Debug|Any CPU.ActiveCfg = Debug|Any CPU
		{B8EE4981-3BBE-4119-B1AA-76DBF4E89B4A}.Debug|Any CPU.Build.0 = Debug|Any CPU
		{B8EE4981-3BBE-4119-B1AA-76DBF4E89B4A}.Release|Any CPU.ActiveCfg = Release|Any CPU
		{B8EE4981-3BBE-4119-B1AA-76DBF4E89B4A}.Release|Any CPU.Build.0 = Release|Any CPU
		{10F8B6C3-2F48-43F7-B64D-3BEFDAF150AE}.Debug|Any CPU.ActiveCfg = Debug|Any CPU
		{10F8B6C3-2F48-43F7-B64D-3BEFDAF150AE}.Debug|Any CPU.Build.0 = Debug|Any CPU
		{10F8B6C3-2F48-43F7-B64D-3BEFDAF150AE}.Release|Any CPU.ActiveCfg = Release|Any CPU
		{10F8B6C3-2F48-43F7-B64D-3BEFDAF150AE}.Release|Any CPU.Build.0 = Release|Any CPU
		{6DA76206-1507-4067-9200-281DCFFB8B68}.Debug|Any CPU.ActiveCfg = Debug|Any CPU
		{6DA76206-1507-4067-9200-281DCFFB8B68}.Debug|Any CPU.Build.0 = Debug|Any CPU
		{6DA76206-1507-4067-9200-281DCFFB8B68}.Release|Any CPU.ActiveCfg = Release|Any CPU
		{6DA76206-1507-4067-9200-281DCFFB8B68}.Release|Any CPU.Build.0 = Release|Any CPU
		{9839C6C5-22E1-4E95-8ECB-EC3B294021A9}.Debug|Any CPU.ActiveCfg = Debug|Any CPU
		{9839C6C5-22E1-4E95-8ECB-EC3B294021A9}.Debug|Any CPU.Build.0 = Debug|Any CPU
		{9839C6C5-22E1-4E95-8ECB-EC3B294021A9}.Release|Any CPU.ActiveCfg = Release|Any CPU
		{9839C6C5-22E1-4E95-8ECB-EC3B294021A9}.Release|Any CPU.Build.0 = Release|Any CPU
		{C03751D3-EAC4-4293-B877-09681C7F5336}.Debug|Any CPU.ActiveCfg = Debug|Any CPU
		{C03751D3-EAC4-4293-B877-09681C7F5336}.Debug|Any CPU.Build.0 = Debug|Any CPU
		{C03751D3-EAC4-4293-B877-09681C7F5336}.Release|Any CPU.ActiveCfg = Release|Any CPU
		{C03751D3-EAC4-4293-B877-09681C7F5336}.Release|Any CPU.Build.0 = Release|Any CPU
		{3FEBB096-E533-4B5A-BAB3-FD05BF399BD2}.Debug|Any CPU.ActiveCfg = Debug|Any CPU
		{3FEBB096-E533-4B5A-BAB3-FD05BF399BD2}.Debug|Any CPU.Build.0 = Debug|Any CPU
		{3FEBB096-E533-4B5A-BAB3-FD05BF399BD2}.Release|Any CPU.ActiveCfg = Release|Any CPU
		{3FEBB096-E533-4B5A-BAB3-FD05BF399BD2}.Release|Any CPU.Build.0 = Release|Any CPU
		{9722376B-A02F-4F34-9105-606329467AF7}.Debug|Any CPU.ActiveCfg = Debug|Any CPU
		{9722376B-A02F-4F34-9105-606329467AF7}.Debug|Any CPU.Build.0 = Debug|Any CPU
		{9722376B-A02F-4F34-9105-606329467AF7}.Release|Any CPU.ActiveCfg = Release|Any CPU
		{9722376B-A02F-4F34-9105-606329467AF7}.Release|Any CPU.Build.0 = Release|Any CPU
		{2524CCD4-3119-4443-A3FC-DE4C40938313}.Debug|Any CPU.ActiveCfg = Debug|Any CPU
		{2524CCD4-3119-4443-A3FC-DE4C40938313}.Debug|Any CPU.Build.0 = Debug|Any CPU
		{2524CCD4-3119-4443-A3FC-DE4C40938313}.Release|Any CPU.ActiveCfg = Release|Any CPU
		{2524CCD4-3119-4443-A3FC-DE4C40938313}.Release|Any CPU.Build.0 = Release|Any CPU
		{FC13B2F8-47CA-4A64-B5F2-95286EB19A19}.Debug|Any CPU.ActiveCfg = Debug|Any CPU
		{FC13B2F8-47CA-4A64-B5F2-95286EB19A19}.Debug|Any CPU.Build.0 = Debug|Any CPU
		{FC13B2F8-47CA-4A64-B5F2-95286EB19A19}.Release|Any CPU.ActiveCfg = Release|Any CPU
		{FC13B2F8-47CA-4A64-B5F2-95286EB19A19}.Release|Any CPU.Build.0 = Release|Any CPU
	EndGlobalSection
	GlobalSection(SolutionProperties) = preSolution
		HideSolutionNode = FALSE
	EndGlobalSection
	GlobalSection(ExtensibilityGlobals) = postSolution
		SolutionGuid = {3869C0A5-E1A7-4695-95FC-5FF75B62DF5B}
	EndGlobalSection
EndGlobal
